
Microsoft Visual Studio Solution File, Format Version 12.00
# Visual Studio 15
VisualStudioVersion = 15.0.28307.572
MinimumVisualStudioVersion = 10.0.40219.1
Project("{9A19103F-16F7-4668-BE54-9A1E7A4F7556}") = "PensaoAlimenticia", "RetencaoDeRencimentos\PensaoAlimenticia.csproj", "{64548787-CDCC-4F45-8600-D95974E229AA}"
EndProject
Project("{9A19103F-16F7-4668-BE54-9A1E7A4F7556}") = "EmprestimoConsignado", "EmprestimoConsignado\EmprestimoConsignado.csproj", "{8543B123-82D0-47ED-9736-1135A13FB61B}"
EndProject
Global
	GlobalSection(SolutionConfigurationPlatforms) = preSolution
		Debug|Any CPU = Debug|Any CPU
		Release|Any CPU = Release|Any CPU
	EndGlobalSection
	GlobalSection(ProjectConfigurationPlatforms) = postSolution
		{64548787-CDCC-4F45-8600-D95974E229AA}.Debug|Any CPU.ActiveCfg = Debug|Any CPU
		{64548787-CDCC-4F45-8600-D95974E229AA}.Debug|Any CPU.Build.0 = Debug|Any CPU
		{64548787-CDCC-4F45-8600-D95974E229AA}.Release|Any CPU.ActiveCfg = Release|Any CPU
		{64548787-CDCC-4F45-8600-D95974E229AA}.Release|Any CPU.Build.0 = Release|Any CPU
		{8543B123-82D0-47ED-9736-1135A13FB61B}.Debug|Any CPU.ActiveCfg = Debug|Any CPU
		{8543B123-82D0-47ED-9736-1135A13FB61B}.Debug|Any CPU.Build.0 = Debug|Any CPU
		{8543B123-82D0-47ED-9736-1135A13FB61B}.Release|Any CPU.ActiveCfg = Release|Any CPU
		{8543B123-82D0-47ED-9736-1135A13FB61B}.Release|Any CPU.Build.0 = Release|Any CPU
	EndGlobalSection
	GlobalSection(SolutionProperties) = preSolution
		HideSolutionNode = FALSE
	EndGlobalSection
	GlobalSection(ExtensibilityGlobals) = postSolution
		SolutionGuid = {B0A286B3-AEF4-4CB8-8AA3-7ECB10C23165}
	EndGlobalSection
EndGlobal
