
Microsoft Visual Studio Solution File, Format Version 12.00
# Visual Studio 15
VisualStudioVersion = 15.0.28307.572
MinimumVisualStudioVersion = 10.0.40219.1
Project("{FAE04EC0-301F-11D3-BF4B-00C04F79EFBC}") = "ProcessoDeCobrancaTerceirizadaENegativacao", "ProcessoDeCobrancaTerceirizadaENegativacao\ProcessoDeCobrancaTerceirizadaENegativacao.csproj", "{B57F21AB-F75D-4A98-9010-C0F313175101}"
EndProject
Global
	GlobalSection(SolutionConfigurationPlatforms) = preSolution
		Debug|Any CPU = Debug|Any CPU
		Release|Any CPU = Release|Any CPU
	EndGlobalSection
	GlobalSection(ProjectConfigurationPlatforms) = postSolution
		{B57F21AB-F75D-4A98-9010-C0F313175101}.Debug|Any CPU.ActiveCfg = Debug|Any CPU
		{B57F21AB-F75D-4A98-9010-C0F313175101}.Debug|Any CPU.Build.0 = Debug|Any CPU
		{B57F21AB-F75D-4A98-9010-C0F313175101}.Release|Any CPU.ActiveCfg = Release|Any CPU
		{B57F21AB-F75D-4A98-9010-C0F313175101}.Release|Any CPU.Build.0 = Release|Any CPU
	EndGlobalSection
	GlobalSection(SolutionProperties) = preSolution
		HideSolutionNode = FALSE
	EndGlobalSection
	GlobalSection(ExtensibilityGlobals) = postSolution
		SolutionGuid = {5EFEAC3A-BCF4-42CC-B5E3-F7C08E76D6E1}
	EndGlobalSection
EndGlobal
